{
  "name": "merchant-exception-desk",
  "version": "1.0.0",
  "lockfileVersion": 3,
  "requires": true,
  "packages": {
    "": {
      "name": "merchant-exception-desk",
      "version": "1.0.0",
      "engines": {
        "node": ">=24"
      },
      "license": "MIT"
    }
  }
}
